
Microsoft Visual Studio Solution File, Format Version 12.00
# Visual Studio Version 16
VisualStudioVersion = 16.0.31729.503
MinimumVisualStudioVersion = 10.0.40219.1
Project("{9A19103F-16F7-4668-BE54-9A1E7A4F7556}") = "FizzBuzzWeb", "FizzBuzzWeb.csproj", "{D8553133-FE95-4244-B5DC-87A6D6294F5D}"
EndProject
Global
	GlobalSection(SolutionConfigurationPlatforms) = preSolution
		Debug|Any CPU = Debug|Any CPU
		Release|Any CPU = Release|Any CPU
	EndGlobalSection
	GlobalSection(ProjectConfigurationPlatforms) = postSolution
		{D8553133-FE95-4244-B5DC-87A6D6294F5D}.Debug|Any CPU.ActiveCfg = Debug|Any CPU
		{D8553133-FE95-4244-B5DC-87A6D6294F5D}.Debug|Any CPU.Build.0 = Debug|Any CPU
		{D8553133-FE95-4244-B5DC-87A6D6294F5D}.Release|Any CPU.ActiveCfg = Release|Any CPU
		{D8553133-FE95-4244-B5DC-87A6D6294F5D}.Release|Any CPU.Build.0 = Release|Any CPU
	EndGlobalSection
	GlobalSection(SolutionProperties) = preSolution
		HideSolutionNode = FALSE
	EndGlobalSection
	GlobalSection(ExtensibilityGlobals) = postSolution
		SolutionGuid = {F19763F9-2AD8-4017-8B81-5D39B20119D7}
	EndGlobalSection
EndGlobal
